
Microsoft Visual Studio Solution File, Format Version 12.00
# Visual Studio Version 16
VisualStudioVersion = 16.0.31729.503
MinimumVisualStudioVersion = 10.0.40219.1
Project("{FAE04EC0-301F-11D3-BF4B-00C04F79EFBC}") = "DesignPatterns", "DesignPatterns.csproj", "{4A716AA4-B0AB-4123-B5CB-41E527F7693B}"
EndProject
Global
	GlobalSection(SolutionConfigurationPlatforms) = preSolution
		Debug|Any CPU = Debug|Any CPU
		Release|Any CPU = Release|Any CPU
	EndGlobalSection
	GlobalSection(ProjectConfigurationPlatforms) = postSolution
		{4A716AA4-B0AB-4123-B5CB-41E527F7693B}.Debug|Any CPU.ActiveCfg = Debug|Any CPU
		{4A716AA4-B0AB-4123-B5CB-41E527F7693B}.Debug|Any CPU.Build.0 = Debug|Any CPU
		{4A716AA4-B0AB-4123-B5CB-41E527F7693B}.Release|Any CPU.ActiveCfg = Release|Any CPU
		{4A716AA4-B0AB-4123-B5CB-41E527F7693B}.Release|Any CPU.Build.0 = Release|Any CPU
	EndGlobalSection
	GlobalSection(SolutionProperties) = preSolution
		HideSolutionNode = FALSE
	EndGlobalSection
	GlobalSection(ExtensibilityGlobals) = postSolution
		SolutionGuid = {D1C513F1-5D89-445A-AE30-E541991C8AFC}
	EndGlobalSection
EndGlobal
